version: 6
environments:
  default:
    channels:
    - url: https://conda.anaconda.org/conda-forge/
    packages:
      linux-64:
      - conda: https://conda.anaconda.org/conda-forge/linux-64/_libgcc_mutex-0.1-conda_forge.tar.bz2
      - conda: https://conda.anaconda.org/conda-forge/linux-64/_openmp_mutex-4.5-2_gnu.tar.bz2
      - conda: https://conda.anaconda.org/conda-forge/noarch/annotated-types-0.7.0-pyhd8ed1ab_1.conda
      - conda: https://conda.anaconda.org/conda-forge/noarch/attrs-25.4.0-pyh71513ae_0.conda
      - conda: https://conda.anaconda.org/conda-forge/linux-64/brotli-python-1.1.0-py313h7033f15_4.conda
      - conda: https://conda.anaconda.org/conda-forge/linux-64/bzip2-1.0.8-hda65f42_8.conda
      - conda: https://conda.anaconda.org/conda-forge/noarch/ca-certificates-2025.10.5-hbd8a1cb_0.conda
      - conda: https://conda.anaconda.org/conda-forge/noarch/certifi-2025.10.5-pyhd8ed1ab_0.conda
      - conda: https://conda.anaconda.org/conda-forge/linux-64/cffi-2.0.0-py313hf01b4d8_0.conda
      - conda: https://conda.anaconda.org/conda-forge/noarch/chardet-5.2.0-pyhd8ed1ab_3.conda
      - conda: https://conda.anaconda.org/conda-forge/noarch/charset-normalizer-3.4.4-pyhd8ed1ab_0.conda
      - conda: https://conda.anaconda.org/conda-forge/noarch/click-8.3.0-pyh707e725_0.conda
      - conda: https://conda.anaconda.org/conda-forge/noarch/et_xmlfile-2.0.0-pyhd8ed1ab_1.conda
      - conda: https://conda.anaconda.org/conda-forge/noarch/frictionless-5.18.1-pyhd8ed1ab_1.conda
      - conda: https://conda.anaconda.org/conda-forge/noarch/h2-4.3.0-pyhcf101f3_0.conda
      - conda: https://conda.anaconda.org/conda-forge/noarch/hpack-4.1.0-pyhd8ed1ab_0.conda
      - conda: https://conda.anaconda.org/conda-forge/noarch/humanize-4.13.0-pyhd8ed1ab_0.conda
      - conda: https://conda.anaconda.org/conda-forge/noarch/hyperframe-6.1.0-pyhd8ed1ab_0.conda
      - conda: https://conda.anaconda.org/conda-forge/noarch/idna-3.11-pyhd8ed1ab_0.conda
      - conda: https://conda.anaconda.org/conda-forge/noarch/isodate-0.7.2-pyhd8ed1ab_1.conda
      - conda: https://conda.anaconda.org/conda-forge/noarch/jinja2-3.1.6-pyhd8ed1ab_0.conda
      - conda: https://conda.anaconda.org/conda-forge/noarch/jsonschema-4.25.1-pyhe01879c_0.conda
      - conda: https://conda.anaconda.org/conda-forge/noarch/jsonschema-specifications-2025.9.1-pyhcf101f3_0.conda
      - conda: https://conda.anaconda.org/conda-forge/linux-64/ld_impl_linux-64-2.44-ha97dd6f_2.conda
      - conda: https://conda.anaconda.org/conda-forge/linux-64/libblas-3.9.0-37_h4a7cf45_openblas.conda
      - conda: https://conda.anaconda.org/conda-forge/linux-64/libcblas-3.9.0-37_h0358290_openblas.conda
      - conda: https://conda.anaconda.org/conda-forge/linux-64/libexpat-2.7.1-hecca717_0.conda
      - conda: https://conda.anaconda.org/conda-forge/linux-64/libffi-3.4.6-h2dba641_1.conda
      - conda: https://conda.anaconda.org/conda-forge/linux-64/libgcc-15.2.0-h767d61c_7.conda
      - conda: https://conda.anaconda.org/conda-forge/linux-64/libgfortran-15.2.0-h69a702a_7.conda
      - conda: https://conda.anaconda.org/conda-forge/linux-64/libgfortran5-15.2.0-hcd61629_7.conda
      - conda: https://conda.anaconda.org/conda-forge/linux-64/libgomp-15.2.0-h767d61c_7.conda
      - conda: https://conda.anaconda.org/conda-forge/linux-64/liblapack-3.9.0-37_h47877c9_openblas.conda
      - conda: https://conda.anaconda.org/conda-forge/linux-64/liblzma-5.8.1-hb9d3cd8_2.conda
      - conda: https://conda.anaconda.org/conda-forge/linux-64/libmpdec-4.0.0-hb9d3cd8_0.conda
      - conda: https://conda.anaconda.org/conda-forge/linux-64/libopenblas-0.3.30-pthreads_h94d23a6_2.conda
      - conda: https://conda.anaconda.org/conda-forge/linux-64/libsqlite-3.50.4-h0c1763c_0.conda
      - conda: https://conda.anaconda.org/conda-forge/linux-64/libstdcxx-15.2.0-h8f9b012_7.conda
      - conda: https://conda.anaconda.org/conda-forge/linux-64/libuuid-2.41.2-he9a06e4_0.conda
      - conda: https://conda.anaconda.org/conda-forge/linux-64/libzlib-1.3.1-hb9d3cd8_2.conda
      - conda: https://conda.anaconda.org/conda-forge/noarch/markdown-it-py-4.0.0-pyhd8ed1ab_0.conda
      - conda: https://conda.anaconda.org/conda-forge/noarch/marko-2.2.1-pyhd8ed1ab_0.conda
      - conda: https://conda.anaconda.org/conda-forge/linux-64/markupsafe-3.0.3-py313h3dea7bd_0.conda
      - conda: https://conda.anaconda.org/conda-forge/noarch/mdurl-0.1.2-pyhd8ed1ab_1.conda
      - conda: https://conda.anaconda.org/conda-forge/linux-64/ncurses-6.5-h2d0b736_3.conda
      - conda: https://conda.anaconda.org/conda-forge/linux-64/numpy-2.3.3-py313hf6604e3_0.conda
      - conda: https://conda.anaconda.org/conda-forge/linux-64/openpyxl-3.1.5-py313ha4be090_2.conda
      - conda: https://conda.anaconda.org/conda-forge/linux-64/openssl-3.5.4-h26f9b46_0.conda
      - conda: https://conda.anaconda.org/conda-forge/linux-64/pandas-2.3.3-py313h08cd8bf_1.conda
      - conda: https://conda.anaconda.org/conda-forge/noarch/petl-1.7.17-pyhd8ed1ab_0.conda
      - conda: https://conda.anaconda.org/conda-forge/noarch/pycparser-2.22-pyh29332c3_1.conda
      - conda: https://conda.anaconda.org/conda-forge/noarch/pydantic-2.12.2-pyh3cfb1c2_0.conda
      - conda: https://conda.anaconda.org/conda-forge/linux-64/pydantic-core-2.41.4-py313h843e2db_0.conda
      - conda: https://conda.anaconda.org/conda-forge/noarch/pygments-2.19.2-pyhd8ed1ab_0.conda
      - conda: https://conda.anaconda.org/conda-forge/noarch/pysocks-1.7.1-pyha55dd90_7.conda
      - conda: https://conda.anaconda.org/conda-forge/linux-64/python-3.13.8-h2b335a9_101_cp313.conda
      - conda: https://conda.anaconda.org/conda-forge/noarch/python-dateutil-2.9.0.post0-pyhe01879c_2.conda
      - conda: https://conda.anaconda.org/conda-forge/noarch/python-slugify-8.0.4-pyhd8ed1ab_1.conda
      - conda: https://conda.anaconda.org/conda-forge/noarch/python-tzdata-2025.2-pyhd8ed1ab_0.conda
      - conda: https://conda.anaconda.org/conda-forge/noarch/python_abi-3.13-8_cp313.conda
      - conda: https://conda.anaconda.org/conda-forge/noarch/pytz-2025.2-pyhd8ed1ab_0.conda
      - conda: https://conda.anaconda.org/conda-forge/linux-64/pyyaml-6.0.3-py313h3dea7bd_0.conda
      - conda: https://conda.anaconda.org/conda-forge/linux-64/readline-8.2-h8c095d6_2.conda
      - conda: https://conda.anaconda.org/conda-forge/noarch/referencing-0.37.0-pyhcf101f3_0.conda
      - conda: https://conda.anaconda.org/conda-forge/noarch/requests-2.32.5-pyhd8ed1ab_0.conda
      - conda: https://conda.anaconda.org/conda-forge/noarch/rfc3986-2.0.0-pyhd8ed1ab_1.conda
      - conda: https://conda.anaconda.org/conda-forge/noarch/rich-14.2.0-pyhcf101f3_0.conda
      - conda: https://conda.anaconda.org/conda-forge/linux-64/rpds-py-0.27.1-py313h843e2db_1.conda
      - conda: https://conda.anaconda.org/conda-forge/noarch/shellingham-1.5.4-pyhd8ed1ab_1.conda
      - conda: https://conda.anaconda.org/conda-forge/noarch/simpleeval-1.0.3-pyhd8ed1ab_0.conda
      - conda: https://conda.anaconda.org/conda-forge/noarch/six-1.17.0-pyhe01879c_1.conda
      - conda: https://conda.anaconda.org/conda-forge/noarch/stringcase-1.2.0-pyhd8ed1ab_2.conda
      - conda: https://conda.anaconda.org/conda-forge/noarch/tabulate-0.9.0-pyhd8ed1ab_2.conda
      - conda: https://conda.anaconda.org/conda-forge/noarch/text-unidecode-1.3-pyhd8ed1ab_2.conda
      - conda: https://conda.anaconda.org/conda-forge/linux-64/tk-8.6.13-noxft_hd72426e_102.conda
      - conda: https://conda.anaconda.org/conda-forge/noarch/typer-0.19.2-pyhef33e25_0.conda
      - conda: https://conda.anaconda.org/conda-forge/noarch/typer-slim-0.19.2-pyhcf101f3_0.conda
      - conda: https://conda.anaconda.org/conda-forge/noarch/typer-slim-standard-0.19.2-h6e3bb38_0.conda
      - conda: https://conda.anaconda.org/conda-forge/noarch/typing-extensions-4.15.0-h396c80c_0.conda
      - conda: https://conda.anaconda.org/conda-forge/noarch/typing-inspection-0.4.2-pyhd8ed1ab_0.conda
      - conda: https://conda.anaconda.org/conda-forge/noarch/typing_extensions-4.15.0-pyhcf101f3_0.conda
      - conda: https://conda.anaconda.org/conda-forge/noarch/tzdata-2025b-h78e105d_0.conda
      - conda: https://conda.anaconda.org/conda-forge/noarch/urllib3-2.5.0-pyhd8ed1ab_0.conda
      - conda: https://conda.anaconda.org/conda-forge/noarch/validators-0.35.0-pyhd8ed1ab_0.conda
      - conda: https://conda.anaconda.org/conda-forge/linux-64/yaml-0.2.5-h280c20c_3.conda
      - conda: https://conda.anaconda.org/conda-forge/linux-64/zstandard-0.25.0-py313h54dd161_0.conda
      - conda: https://conda.anaconda.org/conda-forge/linux-64/zstd-1.5.7-hb8e6e7a_2.conda
packages:
- conda: https://conda.anaconda.org/conda-forge/linux-64/_libgcc_mutex-0.1-conda_forge.tar.bz2
  sha256: fe51de6107f9edc7aa4f786a70f4a883943bc9d39b3bb7307c04c41410990726
  md5: d7c89558ba9fa0495403155b64376d81
  license: None
  size: 2562
  timestamp: 1578324546067
- conda: https://conda.anaconda.org/conda-forge/linux-64/_openmp_mutex-4.5-2_gnu.tar.bz2
  build_number: 16
  sha256: fbe2c5e56a653bebb982eda4876a9178aedfc2b545f25d0ce9c4c0b508253d22
  md5: 73aaf86a425cc6e73fcf236a5a46396d
  depends:
  - _libgcc_mutex 0.1 conda_forge
  - libgomp >=7.5.0
  constrains:
  - openmp_impl 9999
  license: BSD-3-Clause
  license_family: BSD
  size: 23621
  timestamp: 1650670423406
- conda: https://conda.anaconda.org/conda-forge/noarch/annotated-types-0.7.0-pyhd8ed1ab_1.conda
  sha256: e0ea1ba78fbb64f17062601edda82097fcf815012cf52bb704150a2668110d48
  md5: 2934f256a8acfe48f6ebb4fce6cde29c
  depends:
  - python >=3.9
  - typing-extensions >=4.0.0
  license: MIT
  license_family: MIT
  size: 18074
  timestamp: 1733247158254
- conda: https://conda.anaconda.org/conda-forge/noarch/attrs-25.4.0-pyh71513ae_0.conda
  sha256: f6c3c19fa599a1a856a88db166c318b148cac3ee4851a9905ed8a04eeec79f45
  md5: c7944d55af26b6d2d7629e27e9a972c1
  depends:
  - python >=3.10
  license: MIT
  license_family: MIT
  size: 60101
  timestamp: 1759762331492
- conda: https://conda.anaconda.org/conda-forge/linux-64/brotli-python-1.1.0-py313h7033f15_4.conda
  sha256: b1941426e564d326097ded7af8b525540be219be7a88ca961d58a8d4fc116db2
  md5: bc8624c405856b1d047dd0a81829b08c
  depends:
  - __glibc >=2.17,<3.0.a0
  - libgcc >=14
  - libstdcxx >=14
  - python >=3.13,<3.14.0a0
  - python_abi 3.13.* *_cp313
  constrains:
  - libbrotlicommon 1.1.0 hb03c661_4
  license: MIT
  license_family: MIT
  size: 353639
  timestamp: 1756599425945
- conda: https://conda.anaconda.org/conda-forge/linux-64/bzip2-1.0.8-hda65f42_8.conda
  sha256: c30daba32ddebbb7ded490f0e371eae90f51e72db620554089103b4a6934b0d5
  md5: 51a19bba1b8ebfb60df25cde030b7ebc
  depends:
  - __glibc >=2.17,<3.0.a0
  - libgcc >=14
  license: bzip2-1.0.6
  license_family: BSD
  size: 260341
  timestamp: 1757437258798
- conda: https://conda.anaconda.org/conda-forge/noarch/ca-certificates-2025.10.5-hbd8a1cb_0.conda
  sha256: 3b5ad78b8bb61b6cdc0978a6a99f8dfb2cc789a451378d054698441005ecbdb6
  md5: f9e5fbc24009179e8b0409624691758a
  depends:
  - __unix
  license: ISC
  size: 155907
  timestamp: 1759649036195
- conda: https://conda.anaconda.org/conda-forge/noarch/certifi-2025.10.5-pyhd8ed1ab_0.conda
  sha256: 955bac31be82592093f6bc006e09822cd13daf52b28643c9a6abd38cd5f4a306
  md5: 257ae203f1d204107ba389607d375ded
  depends:
  - python >=3.10
  license: ISC
  size: 160248
  timestamp: 1759648987029
- conda: https://conda.anaconda.org/conda-forge/linux-64/cffi-2.0.0-py313hf01b4d8_0.conda
  sha256: cbead764b88c986642578bb39f77d234fbc3890bd301ed29f849a6d3898ed0fc
  md5: 062317cc1cd26fbf6454e86ddd3622c4
  depends:
  - __glibc >=2.17,<3.0.a0
  - libffi >=3.4.6,<3.5.0a0
  - libgcc >=14
  - pycparser
  - python >=3.13,<3.14.0a0
  - python_abi 3.13.* *_cp313
  license: MIT
  license_family: MIT
  size: 298211
  timestamp: 1758716239290
- conda: https://conda.anaconda.org/conda-forge/noarch/chardet-5.2.0-pyhd8ed1ab_3.conda
  sha256: cfca3959d2bec9fcfec98350ecdd88b71dac6220d1002c257d65b40f6fbba87c
  md5: 56bfd153e523d9b9d05e4cf3c1cfe01c
  depends:
  - python >=3.9
  license: LGPL-2.1-only
  license_family: GPL
  size: 132170
  timestamp: 1741798023836
- conda: https://conda.anaconda.org/conda-forge/noarch/charset-normalizer-3.4.4-pyhd8ed1ab_0.conda
  sha256: b32f8362e885f1b8417bac2b3da4db7323faa12d5db62b7fd6691c02d60d6f59
  md5: a22d1fd9bf98827e280a02875d9a007a
  depends:
  - python >=3.10
  license: MIT
  size: 50965
  timestamp: 1760437331772
- conda: https://conda.anaconda.org/conda-forge/noarch/click-8.3.0-pyh707e725_0.conda
  sha256: c6567ebc27c4c071a353acaf93eb82bb6d9a6961e40692a359045a89a61d02c0
  md5: e76c4ba9e1837847679421b8d549b784
  depends:
  - __unix
  - python >=3.10
  license: BSD-3-Clause
  license_family: BSD
  size: 91622
  timestamp: 1758270534287
- conda: https://conda.anaconda.org/conda-forge/noarch/et_xmlfile-2.0.0-pyhd8ed1ab_1.conda
  sha256: 2209534fbf2f70c20661ff31f57ab6a97b82ee98812e8a2dcb2b36a0d345727c
  md5: 71bf9646cbfabf3022c8da4b6b4da737
  depends:
  - python >=3.9
  license: MIT
  license_family: MIT
  size: 21908
  timestamp: 1733749746332
- conda: https://conda.anaconda.org/conda-forge/noarch/frictionless-5.18.1-pyhd8ed1ab_1.conda
  sha256: 09c2bacb9e6215da2f7b893840639824c7ac5b87e5a6f53b637d6c8b056f7196
  md5: 4b2cae54d84f734c32837175d8ed2459
  depends:
  - attrs >=22.2.0
  - chardet >=3.0
  - humanize >=4.2
  - isodate >=0.6
  - jinja2 >=3.0
  - jsonschema >=4.20
  - marko >=1.0
  - petl >=1.6
  - pydantic >=2.0
  - python >=3.9
  - python-dateutil >=2.8
  - python-slugify >=1.2
  - pyyaml >=5.3
  - requests >=2.10
  - rfc3986 >=1.4
  - simpleeval >=0.9.11
  - stringcase >=1.2
  - tabulate >=0.8.10
  - typer >=0.12
  - typing-extensions >=4.3
  - validators >=0.18
  license: MIT
  license_family: MIT
  size: 270421
  timestamp: 1746631371669
- conda: https://conda.anaconda.org/conda-forge/noarch/h2-4.3.0-pyhcf101f3_0.conda
  sha256: 84c64443368f84b600bfecc529a1194a3b14c3656ee2e832d15a20e0329b6da3
  md5: 164fc43f0b53b6e3a7bc7dce5e4f1dc9
  depends:
  - python >=3.10
  - hyperframe >=6.1,<7
  - hpack >=4.1,<5
  - python
  license: MIT
  license_family: MIT
  size: 95967
  timestamp: 1756364871835
- conda: https://conda.anaconda.org/conda-forge/noarch/hpack-4.1.0-pyhd8ed1ab_0.conda
  sha256: 6ad78a180576c706aabeb5b4c8ceb97c0cb25f1e112d76495bff23e3779948ba
  md5: 0a802cb9888dd14eeefc611f05c40b6e
  depends:
  - python >=3.9
  license: MIT
  license_family: MIT
  size: 30731
  timestamp: 1737618390337
- conda: https://conda.anaconda.org/conda-forge/noarch/humanize-4.13.0-pyhd8ed1ab_0.conda
  sha256: 93f73896f9546e10241b07105148a9fe1d3c48914bfd03e98b4f7513959ada03
  md5: a42090530cf45654f8b37c7aab5e027b
  depends:
  - python >=3.10
  license: MIT
  license_family: MIT
  size: 67328
  timestamp: 1756127913874
- conda: https://conda.anaconda.org/conda-forge/noarch/hyperframe-6.1.0-pyhd8ed1ab_0.conda
  sha256: 77af6f5fe8b62ca07d09ac60127a30d9069fdc3c68d6b256754d0ffb1f7779f8
  md5: 8e6923fc12f1fe8f8c4e5c9f343256ac
  depends:
  - python >=3.9
  license: MIT
  license_family: MIT
  size: 17397
  timestamp: 1737618427549
- conda: https://conda.anaconda.org/conda-forge/noarch/idna-3.11-pyhd8ed1ab_0.conda
  sha256: ae89d0299ada2a3162c2614a9d26557a92aa6a77120ce142f8e0109bbf0342b0
  md5: 53abe63df7e10a6ba605dc5f9f961d36
  depends:
  - python >=3.10
  license: BSD-3-Clause
  license_family: BSD
  size: 50721
  timestamp: 1760286526795
- conda: https://conda.anaconda.org/conda-forge/noarch/isodate-0.7.2-pyhd8ed1ab_1.conda
  sha256: 845fc87dfaf3f96245ad6ad69c5e5b31b084979f64f9e32157888ee0a08f39ba
  md5: 14c42a6334f38c412449f5a5e4043a5a
  depends:
  - python >=3.9
  license: BSD-3-Clause
  license_family: BSD
  size: 23778
  timestamp: 1733230826126
- conda: https://conda.anaconda.org/conda-forge/noarch/jinja2-3.1.6-pyhd8ed1ab_0.conda
  sha256: f1ac18b11637ddadc05642e8185a851c7fab5998c6f5470d716812fae943b2af
  md5: 446bd6c8cb26050d528881df495ce646
  depends:
  - markupsafe >=2.0
  - python >=3.9
  license: BSD-3-Clause
  license_family: BSD
  size: 112714
  timestamp: 1741263433881
- conda: https://conda.anaconda.org/conda-forge/noarch/jsonschema-4.25.1-pyhe01879c_0.conda
  sha256: ac377ef7762e49cb9c4f985f1281eeff471e9adc3402526eea78e6ac6589cf1d
  md5: 341fd940c242cf33e832c0402face56f
  depends:
  - attrs >=22.2.0
  - jsonschema-specifications >=2023.3.6
  - python >=3.9
  - referencing >=0.28.4
  - rpds-py >=0.7.1
  - python
  license: MIT
  license_family: MIT
  size: 81688
  timestamp: 1755595646123
- conda: https://conda.anaconda.org/conda-forge/noarch/jsonschema-specifications-2025.9.1-pyhcf101f3_0.conda
  sha256: 0a4f3b132f0faca10c89fdf3b60e15abb62ded6fa80aebfc007d05965192aa04
  md5: 439cd0f567d697b20a8f45cb70a1005a
  depends:
  - python >=3.10
  - referencing >=0.31.0
  - python
  license: MIT
  license_family: MIT
  size: 19236
  timestamp: 1757335715225
- conda: https://conda.anaconda.org/conda-forge/linux-64/ld_impl_linux-64-2.44-ha97dd6f_2.conda
  sha256: 707dfb8d55d7a5c6f95c772d778ef07a7ca85417d9971796f7d3daad0b615de8
  md5: 14bae321b8127b63cba276bd53fac237
  depends:
  - __glibc >=2.17,<3.0.a0
  constrains:
  - binutils_impl_linux-64 2.44
  license: GPL-3.0-only
  license_family: GPL
  size: 747158
  timestamp: 1758810907507
- conda: https://conda.anaconda.org/conda-forge/linux-64/libblas-3.9.0-37_h4a7cf45_openblas.conda
  build_number: 37
  sha256: b8872684dc3a68273de2afda2a4a1c79ffa3aab45fcfc4f9b3621bd1cc1adbcc
  md5: 8bc098f29d8a7e3517bac5b25aab39b1
  depends:
  - libopenblas >=0.3.30,<0.3.31.0a0
  - libopenblas >=0.3.30,<1.0a0
  constrains:
  - blas 2.137   openblas
  - liblapacke 3.9.0   37*_openblas
  - liblapack  3.9.0   37*_openblas
  - mkl <2025
  - libcblas   3.9.0   37*_openblas
  license: BSD-3-Clause
  license_family: BSD
  size: 17477
  timestamp: 1760212730445
- conda: https://conda.anaconda.org/conda-forge/linux-64/libcblas-3.9.0-37_h0358290_openblas.conda
  build_number: 37
  sha256: 8e5a6014424cc11389ebf3febedad937aa4a00e48464831ae4dec69f3c46c4ab
  md5: 3794858d4d6910a7fc3c181519e0b77a
  depends:
  - libblas 3.9.0 37_h4a7cf45_openblas
  constrains:
  - blas 2.137   openblas
  - liblapacke 3.9.0   37*_openblas
  - liblapack  3.9.0   37*_openblas
  license: BSD-3-Clause
  license_family: BSD
  size: 17474
  timestamp: 1760212737633
- conda: https://conda.anaconda.org/conda-forge/linux-64/libexpat-2.7.1-hecca717_0.conda
  sha256: da2080da8f0288b95dd86765c801c6e166c4619b910b11f9a8446fb852438dc2
  md5: 4211416ecba1866fab0c6470986c22d6
  depends:
  - __glibc >=2.17,<3.0.a0
  - libgcc >=14
  constrains:
  - expat 2.7.1.*
  license: MIT
  license_family: MIT
  size: 74811
  timestamp: 1752719572741
- conda: https://conda.anaconda.org/conda-forge/linux-64/libffi-3.4.6-h2dba641_1.conda
  sha256: 764432d32db45466e87f10621db5b74363a9f847d2b8b1f9743746cd160f06ab
  md5: ede4673863426c0883c0063d853bbd85
  depends:
  - __glibc >=2.17,<3.0.a0
  - libgcc >=13
  license: MIT
  license_family: MIT
  size: 57433
  timestamp: 1743434498161
- conda: https://conda.anaconda.org/conda-forge/linux-64/libgcc-15.2.0-h767d61c_7.conda
  sha256: 08f9b87578ab981c7713e4e6a7d935e40766e10691732bba376d4964562bcb45
  md5: c0374badb3a5d4b1372db28d19462c53
  depends:
  - __glibc >=2.17,<3.0.a0
  - _openmp_mutex >=4.5
  constrains:
  - libgomp 15.2.0 h767d61c_7
  - libgcc-ng ==15.2.0=*_7
  license: GPL-3.0-only WITH GCC-exception-3.1
  license_family: GPL
  size: 822552
  timestamp: 1759968052178
- conda: https://conda.anaconda.org/conda-forge/linux-64/libgfortran-15.2.0-h69a702a_7.conda
  sha256: 9ca24328e31c8ef44a77f53104773b9fe50ea8533f4c74baa8489a12de916f02
  md5: 8621a450add4e231f676646880703f49
  depends:
  - libgfortran5 15.2.0 hcd61629_7
  constrains:
  - libgfortran-ng ==15.2.0=*_7
  license: GPL-3.0-only WITH GCC-exception-3.1
  license_family: GPL
  size: 29275
  timestamp: 1759968110483
- conda: https://conda.anaconda.org/conda-forge/linux-64/libgfortran5-15.2.0-hcd61629_7.conda
  sha256: e93ceda56498d98c9f94fedec3e2d00f717cbedfc97c49be0e5a5828802f2d34
  md5: f116940d825ffc9104400f0d7f1a4551
  depends:
  - __glibc >=2.17,<3.0.a0
  - libgcc >=15.2.0
  constrains:
  - libgfortran 15.2.0
  license: GPL-3.0-only WITH GCC-exception-3.1
  license_family: GPL
  size: 1572758
  timestamp: 1759968082504
- conda: https://conda.anaconda.org/conda-forge/linux-64/libgomp-15.2.0-h767d61c_7.conda
  sha256: e9fb1c258c8e66ee278397b5822692527c5f5786d372fe7a869b900853f3f5ca
  md5: f7b4d76975aac7e5d9e6ad13845f92fe
  depends:
  - __glibc >=2.17,<3.0.a0
  license: GPL-3.0-only WITH GCC-exception-3.1
  license_family: GPL
  size: 447919
  timestamp: 1759967942498
- conda: https://conda.anaconda.org/conda-forge/linux-64/liblapack-3.9.0-37_h47877c9_openblas.conda
  build_number: 37
  sha256: e37125ad315464a927578bf6ba3455a30a7f319d5e60e54ccc860ddd218d516d
  md5: 8305e6a5ed432ad3e5a609e8024dbc17
  depends:
  - libblas 3.9.0 37_h4a7cf45_openblas
  constrains:
  - blas 2.137   openblas
  - liblapacke 3.9.0   37*_openblas
  - libcblas   3.9.0   37*_openblas
  license: BSD-3-Clause
  license_family: BSD
  size: 17470
  timestamp: 1760212744703
- conda: https://conda.anaconda.org/conda-forge/linux-64/liblzma-5.8.1-hb9d3cd8_2.conda
  sha256: f2591c0069447bbe28d4d696b7fcb0c5bd0b4ac582769b89addbcf26fb3430d8
  md5: 1a580f7796c7bf6393fddb8bbbde58dc
  depends:
  - __glibc >=2.17,<3.0.a0
  - libgcc >=13
  constrains:
  - xz 5.8.1.*
  license: 0BSD
  size: 112894
  timestamp: 1749230047870
- conda: https://conda.anaconda.org/conda-forge/linux-64/libmpdec-4.0.0-hb9d3cd8_0.conda
  sha256: 3aa92d4074d4063f2a162cd8ecb45dccac93e543e565c01a787e16a43501f7ee
  md5: c7e925f37e3b40d893459e625f6a53f1
  depends:
  - __glibc >=2.17,<3.0.a0
  - libgcc >=13
  license: BSD-2-Clause
  license_family: BSD
  size: 91183
  timestamp: 1748393666725
- conda: https://conda.anaconda.org/conda-forge/linux-64/libopenblas-0.3.30-pthreads_h94d23a6_2.conda
  sha256: 1b51d1f96e751dc945cc06f79caa91833b0c3326efe24e9b506bd64ef49fc9b0
  md5: dfc5aae7b043d9f56ba99514d5e60625
  depends:
  - __glibc >=2.17,<3.0.a0
  - libgcc >=14
  - libgfortran
  - libgfortran5 >=14.3.0
  constrains:
  - openblas >=0.3.30,<0.3.31.0a0
  license: BSD-3-Clause
  license_family: BSD
  size: 5938936
  timestamp: 1755474342204
- conda: https://conda.anaconda.org/conda-forge/linux-64/libsqlite-3.50.4-h0c1763c_0.conda
  sha256: 6d9c32fc369af5a84875725f7ddfbfc2ace795c28f246dc70055a79f9b2003da
  md5: 0b367fad34931cb79e0d6b7e5c06bb1c
  depends:
  - __glibc >=2.17,<3.0.a0
  - libgcc >=14
  - libzlib >=1.3.1,<2.0a0
  license: blessing
  size: 932581
  timestamp: 1753948484112
- conda: https://conda.anaconda.org/conda-forge/linux-64/libstdcxx-15.2.0-h8f9b012_7.conda
  sha256: 1b981647d9775e1cdeb2fab0a4dd9cd75a6b0de2963f6c3953dbd712f78334b3
  md5: 5b767048b1b3ee9a954b06f4084f93dc
  depends:
  - __glibc >=2.17,<3.0.a0
  - libgcc 15.2.0 h767d61c_7
  constrains:
  - libstdcxx-ng ==15.2.0=*_7
  license: GPL-3.0-only WITH GCC-exception-3.1
  license_family: GPL
  size: 3898269
  timestamp: 1759968103436
- conda: https://conda.anaconda.org/conda-forge/linux-64/libuuid-2.41.2-he9a06e4_0.conda
  sha256: e5ec6d2ad7eef538ddcb9ea62ad4346fde70a4736342c4ad87bd713641eb9808
  md5: 80c07c68d2f6870250959dcc95b209d1
  depends:
  - __glibc >=2.17,<3.0.a0
  - libgcc >=14
  license: BSD-3-Clause
  license_family: BSD
  size: 37135
  timestamp: 1758626800002
- conda: https://conda.anaconda.org/conda-forge/linux-64/libzlib-1.3.1-hb9d3cd8_2.conda
  sha256: d4bfe88d7cb447768e31650f06257995601f89076080e76df55e3112d4e47dc4
  md5: edb0dca6bc32e4f4789199455a1dbeb8
  depends:
  - __glibc >=2.17,<3.0.a0
  - libgcc >=13
  constrains:
  - zlib 1.3.1 *_2
  license: Zlib
  license_family: Other
  size: 60963
  timestamp: 1727963148474
- conda: https://conda.anaconda.org/conda-forge/noarch/markdown-it-py-4.0.0-pyhd8ed1ab_0.conda
  sha256: 7b1da4b5c40385791dbc3cc85ceea9fad5da680a27d5d3cb8bfaa185e304a89e
  md5: 5b5203189eb668f042ac2b0826244964
  depends:
  - mdurl >=0.1,<1
  - python >=3.10
  license: MIT
  license_family: MIT
  size: 64736
  timestamp: 1754951288511
- conda: https://conda.anaconda.org/conda-forge/noarch/marko-2.2.1-pyhd8ed1ab_0.conda
  sha256: e28dd042ab31e25c08ac12c98762bfbcb710674d7c503106e68d3c1ba1ab3651
  md5: a47020385ae61d862a078c9bf7fd4896
  depends:
  - python >=3.10
  license: MIT
  license_family: MIT
  size: 39445
  timestamp: 1760328924549
- conda: https://conda.anaconda.org/conda-forge/linux-64/markupsafe-3.0.3-py313h3dea7bd_0.conda
  sha256: a530a411bdaaf0b1e4de8869dfaca46cb07407bc7dc0702a9e231b0e5ce7ca85
  md5: c14389156310b8ed3520d84f854be1ee
  depends:
  - __glibc >=2.17,<3.0.a0
  - libgcc >=14
  - python >=3.13,<3.14.0a0
  - python_abi 3.13.* *_cp313
  constrains:
  - jinja2 >=3.0.0
  license: BSD-3-Clause
  license_family: BSD
  size: 25909
  timestamp: 1759055357045
- conda: https://conda.anaconda.org/conda-forge/noarch/mdurl-0.1.2-pyhd8ed1ab_1.conda
  sha256: 78c1bbe1723449c52b7a9df1af2ee5f005209f67e40b6e1d3c7619127c43b1c7
  md5: 592132998493b3ff25fd7479396e8351
  depends:
  - python >=3.9
  license: MIT
  license_family: MIT
  size: 14465
  timestamp: 1733255681319
- conda: https://conda.anaconda.org/conda-forge/linux-64/ncurses-6.5-h2d0b736_3.conda
  sha256: 3fde293232fa3fca98635e1167de6b7c7fda83caf24b9d6c91ec9eefb4f4d586
  md5: 47e340acb35de30501a76c7c799c41d7
  depends:
  - __glibc >=2.17,<3.0.a0
  - libgcc >=13
  license: X11 AND BSD-3-Clause
  size: 891641
  timestamp: 1738195959188
- conda: https://conda.anaconda.org/conda-forge/linux-64/numpy-2.3.3-py313hf6604e3_0.conda
  sha256: 88d45c6dbedabbc8ebb19555bb3d04b5e2846ae8a7dfc2c0204b54f5f6efaef7
  md5: 3122d20dc438287e125fb5acff1df170
  depends:
  - python
  - libgcc >=14
  - libstdcxx >=14
  - libgcc >=14
  - __glibc >=2.17,<3.0.a0
  - liblapack >=3.9.0,<4.0a0
  - libblas >=3.9.0,<4.0a0
  - python_abi 3.13.* *_cp313
  - libcblas >=3.9.0,<4.0a0
  constrains:
  - numpy-base <0a0
  license: BSD-3-Clause
  license_family: BSD
  size: 8888776
  timestamp: 1757505485589
- conda: https://conda.anaconda.org/conda-forge/linux-64/openpyxl-3.1.5-py313ha4be090_2.conda
  sha256: 0ad13c3302ad21e17859c42cefed2c1dedf4721a3a144c0049abe84e6b2a9aed
  md5: b60c0b0eb91e1a7d6761f0a21219f468
  depends:
  - et_xmlfile
  - libgcc >=14
  - python >=3.13,<3.14.0a0
  - python_abi 3.13.* *_cp313
  license: MIT
  license_family: MIT
  size: 484978
  timestamp: 1757332189722
- conda: https://conda.anaconda.org/conda-forge/linux-64/openssl-3.5.4-h26f9b46_0.conda
  sha256: e807f3bad09bdf4075dbb4168619e14b0c0360bacb2e12ef18641a834c8c5549
  md5: 14edad12b59ccbfa3910d42c72adc2a0
  depends:
  - __glibc >=2.17,<3.0.a0
  - ca-certificates
  - libgcc >=14
  license: Apache-2.0
  license_family: Apache
  size: 3119624
  timestamp: 1759324353651
- conda: https://conda.anaconda.org/conda-forge/linux-64/pandas-2.3.3-py313h08cd8bf_1.conda
  sha256: c4ce5f75d175cb264dc98af6db14378222b63955c63bf1b5e30e042e81624fae
  md5: 9e87d4bda0c2711161d765332fa38781
  depends:
  - __glibc >=2.17,<3.0.a0
  - libgcc >=14
  - libstdcxx >=14
  - numpy >=1.22.4
  - numpy >=1.23,<3
  - python >=3.13,<3.14.0a0
  - python-dateutil >=2.8.2
  - python-tzdata >=2022.7
  - python_abi 3.13.* *_cp313
  - pytz >=2020.1
  constrains:
  - xlrd >=2.0.1
  - scipy >=1.10.0
  - fsspec >=2022.11.0
  - odfpy >=1.4.1
  - beautifulsoup4 >=4.11.2
  - python-calamine >=0.1.7
  - numexpr >=2.8.4
  - pytables >=3.8.0
  - pandas-gbq >=0.19.0
  - tzdata >=2022.7
  - pyxlsb >=1.0.10
  - xarray >=2022.12.0
  - pyqt5 >=5.15.9
  - lxml >=4.9.2
  - matplotlib >=3.6.3
  - openpyxl >=3.1.0
  - qtpy >=2.3.0
  - psycopg2 >=2.9.6
  - pyarrow >=10.0.1
  - tabulate >=0.9.0
  - zstandard >=0.19.0
  - html5lib >=1.1
  - bottleneck >=1.3.6
  - numba >=0.56.4
  - sqlalchemy >=2.0.0
  - pyreadstat >=1.2.0
  - gcsfs >=2022.11.0
  - fastparquet >=2022.12.0
  - s3fs >=2022.11.0
  - blosc >=1.21.3
  - xlsxwriter >=3.0.5
  license: BSD-3-Clause
  license_family: BSD
  size: 15131510
  timestamp: 1759266202915
- conda: https://conda.anaconda.org/conda-forge/noarch/petl-1.7.17-pyhd8ed1ab_0.conda
  sha256: d339c53c4aa812fc53078e885740ee6c1b7e8c80165744810bbc2b48057114ee
  md5: 4c2498dcda0d58cf25466e82f7287b32
  depends:
  - python >=3.6
  license: MIT
  license_family: MIT
  size: 315640
  timestamp: 1752233037144
- conda: https://conda.anaconda.org/conda-forge/noarch/pycparser-2.22-pyh29332c3_1.conda
  sha256: 79db7928d13fab2d892592223d7570f5061c192f27b9febd1a418427b719acc6
  md5: 12c566707c80111f9799308d9e265aef
  depends:
  - python >=3.9
  - python
  license: BSD-3-Clause
  license_family: BSD
  size: 110100
  timestamp: 1733195786147
- conda: https://conda.anaconda.org/conda-forge/noarch/pydantic-2.12.2-pyh3cfb1c2_0.conda
  sha256: 736deae13f14b18436e2bea9f5e8e60ad1b355965e09c0744fe4a0c8ab9691c4
  md5: fc3a3515b4e71b22b635c4ae34e2f3ea
  depends:
  - annotated-types >=0.6.0
  - pydantic-core 2.41.4
  - python >=3.10
  - typing-extensions >=4.6.1
  - typing-inspection >=0.4.2
  - typing_extensions >=4.14.1
  license: MIT
  license_family: MIT
  size: 318267
  timestamp: 1760489656956
- conda: https://conda.anaconda.org/conda-forge/linux-64/pydantic-core-2.41.4-py313h843e2db_0.conda
  sha256: 66bf46c1ccafe4cfa2ea64aff4f9d18fee41ac47b942d88347ed9cc5373fdc75
  md5: d42ccdecefbe670d2a50ee3ce784166b
  depends:
  - python
  - typing-extensions >=4.6.0,!=4.7.0
  - libgcc >=14
  - __glibc >=2.17,<3.0.a0
  - python_abi 3.13.* *_cp313
  constrains:
  - __glibc >=2.17
  license: MIT
  size: 1935806
  timestamp: 1760442414544
- conda: https://conda.anaconda.org/conda-forge/noarch/pygments-2.19.2-pyhd8ed1ab_0.conda
  sha256: 5577623b9f6685ece2697c6eb7511b4c9ac5fb607c9babc2646c811b428fd46a
  md5: 6b6ece66ebcae2d5f326c77ef2c5a066
  depends:
  - python >=3.9
  license: BSD-2-Clause
  license_family: BSD
  size: 889287
  timestamp: 1750615908735
- conda: https://conda.anaconda.org/conda-forge/noarch/pysocks-1.7.1-pyha55dd90_7.conda
  sha256: ba3b032fa52709ce0d9fd388f63d330a026754587a2f461117cac9ab73d8d0d8
  md5: 461219d1a5bd61342293efa2c0c90eac
  depends:
  - __unix
  - python >=3.9
  license: BSD-3-Clause
  license_family: BSD
  size: 21085
  timestamp: 1733217331982
- conda: https://conda.anaconda.org/conda-forge/linux-64/python-3.13.8-h2b335a9_101_cp313.conda
  build_number: 101
  sha256: b429867f0faf5b9b71e2ebdbe8fedd6f84f4ba53fd2010a1f1458e1e1a038b98
  md5: ae8cf86b9140c7b6a6593a582a8eab8a
  depends:
  - __glibc >=2.17,<3.0.a0
  - bzip2 >=1.0.8,<2.0a0
  - ld_impl_linux-64 >=2.36.1
  - libexpat >=2.7.1,<3.0a0
  - libffi >=3.4.6,<3.5.0a0
  - libgcc >=14
  - liblzma >=5.8.1,<6.0a0
  - libmpdec >=4.0.0,<5.0a0
  - libsqlite >=3.50.4,<4.0a0
  - libuuid >=2.41.2,<3.0a0
  - libzlib >=1.3.1,<2.0a0
  - ncurses >=6.5,<7.0a0
  - openssl >=3.5.4,<4.0a0
  - python_abi 3.13.* *_cp313
  - readline >=8.2,<9.0a0
  - tk >=8.6.13,<8.7.0a0
  - tzdata
  license: Python-2.0
  size: 37149783
  timestamp: 1760366432739
  python_site_packages_path: lib/python3.13/site-packages
- conda: https://conda.anaconda.org/conda-forge/noarch/python-dateutil-2.9.0.post0-pyhe01879c_2.conda
  sha256: d6a17ece93bbd5139e02d2bd7dbfa80bee1a4261dced63f65f679121686bf664
  md5: 5b8d21249ff20967101ffa321cab24e8
  depends:
  - python >=3.9
  - six >=1.5
  - python
  license: Apache-2.0
  license_family: APACHE
  size: 233310
  timestamp: 1751104122689
- conda: https://conda.anaconda.org/conda-forge/noarch/python-slugify-8.0.4-pyhd8ed1ab_1.conda
  sha256: a84f270426ae7661f79807b107dedb9829c79bd45f77a3033aa021e10556e87f
  md5: a4059bc12930bddeb41aef71537ffaed
  depends:
  - python >=3.9
  - text-unidecode >=1.3
  constrains:
  - slugify <0
  - unidecode >=1.1.1
  - awesome-slugify <0
  license: MIT
  license_family: MIT
  size: 18991
  timestamp: 1733756348165
- conda: https://conda.anaconda.org/conda-forge/noarch/python-tzdata-2025.2-pyhd8ed1ab_0.conda
  sha256: e8392a8044d56ad017c08fec2b0eb10ae3d1235ac967d0aab8bd7b41c4a5eaf0
  md5: 88476ae6ebd24f39261e0854ac244f33
  depends:
  - python >=3.9
  license: Apache-2.0
  license_family: APACHE
  size: 144160
  timestamp: 1742745254292
- conda: https://conda.anaconda.org/conda-forge/noarch/python_abi-3.13-8_cp313.conda
  build_number: 8
  sha256: 210bffe7b121e651419cb196a2a63687b087497595c9be9d20ebe97dd06060a7
  md5: 94305520c52a4aa3f6c2b1ff6008d9f8
  constrains:
  - python 3.13.* *_cp313
  license: BSD-3-Clause
  license_family: BSD
  size: 7002
  timestamp: 1752805902938
- conda: https://conda.anaconda.org/conda-forge/noarch/pytz-2025.2-pyhd8ed1ab_0.conda
  sha256: 8d2a8bf110cc1fc3df6904091dead158ba3e614d8402a83e51ed3a8aa93cdeb0
  md5: bc8e3267d44011051f2eb14d22fb0960
  depends:
  - python >=3.9
  license: MIT
  license_family: MIT
  size: 189015
  timestamp: 1742920947249
- conda: https://conda.anaconda.org/conda-forge/linux-64/pyyaml-6.0.3-py313h3dea7bd_0.conda
  sha256: 40dcd6718dce5fbee8aabdd0519f23d456d8feb2e15ac352eaa88bbfd3a881af
  md5: 4794ea0adaebd9f844414e594b142cb2
  depends:
  - __glibc >=2.17,<3.0.a0
  - libgcc >=14
  - python >=3.13,<3.14.0a0
  - python_abi 3.13.* *_cp313
  - yaml >=0.2.5,<0.3.0a0
  license: MIT
  license_family: MIT
  size: 207109
  timestamp: 1758892173548
- conda: https://conda.anaconda.org/conda-forge/linux-64/readline-8.2-h8c095d6_2.conda
  sha256: 2d6d0c026902561ed77cd646b5021aef2d4db22e57a5b0178dfc669231e06d2c
  md5: 283b96675859b20a825f8fa30f311446
  depends:
  - libgcc >=13
  - ncurses >=6.5,<7.0a0
  license: GPL-3.0-only
  license_family: GPL
  size: 282480
  timestamp: 1740379431762
- conda: https://conda.anaconda.org/conda-forge/noarch/referencing-0.37.0-pyhcf101f3_0.conda
  sha256: 0577eedfb347ff94d0f2fa6c052c502989b028216996b45c7f21236f25864414
  md5: 870293df500ca7e18bedefa5838a22ab
  depends:
  - attrs >=22.2.0
  - python >=3.10
  - rpds-py >=0.7.0
  - typing_extensions >=4.4.0
  - python
  license: MIT
  license_family: MIT
  size: 51788
  timestamp: 1760379115194
- conda: https://conda.anaconda.org/conda-forge/noarch/requests-2.32.5-pyhd8ed1ab_0.conda
  sha256: 8dc54e94721e9ab545d7234aa5192b74102263d3e704e6d0c8aa7008f2da2a7b
  md5: db0c6b99149880c8ba515cf4abe93ee4
  depends:
  - certifi >=2017.4.17
  - charset-normalizer >=2,<4
  - idna >=2.5,<4
  - python >=3.9
  - urllib3 >=1.21.1,<3
  constrains:
  - chardet >=3.0.2,<6
  license: Apache-2.0
  license_family: APACHE
  size: 59263
  timestamp: 1755614348400
- conda: https://conda.anaconda.org/conda-forge/noarch/rfc3986-2.0.0-pyhd8ed1ab_1.conda
  sha256: d617373ba1a5108336cb87754d030b9e384dcf91796d143fa60fe61e76e5cfb0
  md5: 43e14f832d7551e5a8910672bfc3d8c6
  depends:
  - python >=3.9
  license: Apache-2.0
  license_family: APACHE
  size: 38028
  timestamp: 1733921806657
- conda: https://conda.anaconda.org/conda-forge/noarch/rich-14.2.0-pyhcf101f3_0.conda
  sha256: edfb44d0b6468a8dfced728534c755101f06f1a9870a7ad329ec51389f16b086
  md5: a247579d8a59931091b16a1e932bbed6
  depends:
  - markdown-it-py >=2.2.0
  - pygments >=2.13.0,<3.0.0
  - python >=3.10
  - typing_extensions >=4.0.0,<5.0.0
  - python
  license: MIT
  license_family: MIT
  size: 200840
  timestamp: 1760026188268
- conda: https://conda.anaconda.org/conda-forge/linux-64/rpds-py-0.27.1-py313h843e2db_1.conda
  sha256: a976e90dbd229f7dcd357b0f9a5b637bf85243f3a3e844c1e266472cae53e359
  md5: 06c117e49934b564ef9ff6e61f279301
  depends:
  - python
  - __glibc >=2.17,<3.0.a0
  - libgcc >=14
  - python_abi 3.13.* *_cp313
  constrains:
  - __glibc >=2.17
  license: MIT
  license_family: MIT
  size: 389189
  timestamp: 1756737629819
- conda: https://conda.anaconda.org/conda-forge/noarch/shellingham-1.5.4-pyhd8ed1ab_1.conda
  sha256: 0557c090913aa63cdbe821dbdfa038a321b488e22bc80196c4b3b1aace4914ef
  md5: 7c3c2a0f3ebdea2bbc35538d162b43bf
  depends:
  - python >=3.9
  license: MIT
  license_family: MIT
  size: 14462
  timestamp: 1733301007770
- conda: https://conda.anaconda.org/conda-forge/noarch/simpleeval-1.0.3-pyhd8ed1ab_0.conda
  sha256: 19d1dab079746de0c38581d926e02306368b74d0683cd3e6b18ccabea54c7e07
  md5: 00cdd2e3ec6d3be6bc2b7d46470a10a1
  depends:
  - python >=3.9
  license: MIT
  license_family: MIT
  size: 21558
  timestamp: 1751650049429
- conda: https://conda.anaconda.org/conda-forge/noarch/six-1.17.0-pyhe01879c_1.conda
  sha256: 458227f759d5e3fcec5d9b7acce54e10c9e1f4f4b7ec978f3bfd54ce4ee9853d
  md5: 3339e3b65d58accf4ca4fb8748ab16b3
  depends:
  - python >=3.9
  - python
  license: MIT
  license_family: MIT
  size: 18455
  timestamp: 1753199211006
- conda: https://conda.anaconda.org/conda-forge/noarch/stringcase-1.2.0-pyhd8ed1ab_2.conda
  sha256: 8184e801354ec82f686989f4664cc914d6a80686bb0856ac84bce8e82e8a0853
  md5: 6c17c5b9a3f8cf44137bfca12e2574d7
  depends:
  - python >=3.9
  license: MIT
  license_family: MIT
  size: 10339
  timestamp: 1734359694686
- conda: https://conda.anaconda.org/conda-forge/noarch/tabulate-0.9.0-pyhd8ed1ab_2.conda
  sha256: 090023bddd40d83468ef86573976af8c514f64119b2bd814ee63a838a542720a
  md5: 959484a66b4b76befcddc4fa97c95567
  depends:
  - python >=3.9
  license: MIT
  license_family: MIT
  size: 37554
  timestamp: 1733589854804
- conda: https://conda.anaconda.org/conda-forge/noarch/text-unidecode-1.3-pyhd8ed1ab_2.conda
  sha256: 4770807cc5a217638c9aea3f05ea55718a82c50f32462df196b5472aff02787f
  md5: 23b4ba5619c4752976eb7ba1f5acb7e8
  depends:
  - python >=3.9
  license: Artistic-1.0-Perl
  license_family: OTHER
  size: 65532
  timestamp: 1733750024391
- conda: https://conda.anaconda.org/conda-forge/linux-64/tk-8.6.13-noxft_hd72426e_102.conda
  sha256: a84ff687119e6d8752346d1d408d5cf360dee0badd487a472aa8ddedfdc219e1
  md5: a0116df4f4ed05c303811a837d5b39d8
  depends:
  - __glibc >=2.17,<3.0.a0
  - libgcc >=13
  - libzlib >=1.3.1,<2.0a0
  license: TCL
  license_family: BSD
  size: 3285204
  timestamp: 1748387766691
- conda: https://conda.anaconda.org/conda-forge/noarch/typer-0.19.2-pyhef33e25_0.conda
  sha256: af84fb290bea38acba4210ecca00294c7c7fc158109f5748e1c48e6dcfb1e8d1
  md5: dad6001e0daae6af908857faeb3ea541
  depends:
  - typer-slim-standard ==0.19.2 h6e3bb38_0
  - python >=3.10
  - python
  license: MIT
  license_family: MIT
  size: 78588
  timestamp: 1758635560770
- conda: https://conda.anaconda.org/conda-forge/noarch/typer-slim-0.19.2-pyhcf101f3_0.conda
  sha256: af4f9ae437fec180e2efacded58c5d080b60d80e7ffa1158c3d403a5f963e01e
  md5: 375e664c2a0892eb4bdb33b0d03e5366
  depends:
  - python >=3.10
  - click >=8.0.0
  - typing_extensions >=3.7.4.3
  - python
  constrains:
  - typer 0.19.2.*
  - rich >=10.11.0
  - shellingham >=1.3.0
  license: MIT
  license_family: MIT
  size: 47186
  timestamp: 1758635560770
- conda: https://conda.anaconda.org/conda-forge/noarch/typer-slim-standard-0.19.2-h6e3bb38_0.conda
  sha256: 0225117f9fdec038c7bcf96414fea6096463d8a34159c368584f3575a04c4bcb
  md5: 3430c6397a612b9b54ec07d7fd6e0b18
  depends:
  - typer-slim ==0.19.2 pyhcf101f3_0
  - rich
  - shellingham
  license: MIT
  license_family: MIT
  size: 5300
  timestamp: 1758635560770
- conda: https://conda.anaconda.org/conda-forge/noarch/typing-extensions-4.15.0-h396c80c_0.conda
  sha256: 7c2df5721c742c2a47b2c8f960e718c930031663ac1174da67c1ed5999f7938c
  md5: edd329d7d3a4ab45dcf905899a7a6115
  depends:
  - typing_extensions ==4.15.0 pyhcf101f3_0
  license: PSF-2.0
  license_family: PSF
  size: 91383
  timestamp: 1756220668932
- conda: https://conda.anaconda.org/conda-forge/noarch/typing-inspection-0.4.2-pyhd8ed1ab_0.conda
  sha256: 8aaf69b828c2b94d0784f18f70f11aa032950d304e57e88467120b45c18c24fd
  md5: 399701494e731ce73fdd86c185a3d1b4
  depends:
  - python >=3.10
  - typing_extensions >=4.12.0
  license: MIT
  license_family: MIT
  size: 18799
  timestamp: 1759301271883
- conda: https://conda.anaconda.org/conda-forge/noarch/typing_extensions-4.15.0-pyhcf101f3_0.conda
  sha256: 032271135bca55aeb156cee361c81350c6f3fb203f57d024d7e5a1fc9ef18731
  md5: 0caa1af407ecff61170c9437a808404d
  depends:
  - python >=3.10
  - python
  license: PSF-2.0
  license_family: PSF
  size: 51692
  timestamp: 1756220668932
- conda: https://conda.anaconda.org/conda-forge/noarch/tzdata-2025b-h78e105d_0.conda
  sha256: 5aaa366385d716557e365f0a4e9c3fca43ba196872abbbe3d56bb610d131e192
  md5: 4222072737ccff51314b5ece9c7d6f5a
  license: LicenseRef-Public-Domain
  size: 122968
  timestamp: 1742727099393
- conda: https://conda.anaconda.org/conda-forge/noarch/urllib3-2.5.0-pyhd8ed1ab_0.conda
  sha256: 4fb9789154bd666ca74e428d973df81087a697dbb987775bc3198d2215f240f8
  md5: 436c165519e140cb08d246a4472a9d6a
  depends:
  - brotli-python >=1.0.9
  - h2 >=4,<5
  - pysocks >=1.5.6,<2.0,!=1.5.7
  - python >=3.9
  - zstandard >=0.18.0
  license: MIT
  license_family: MIT
  size: 101735
  timestamp: 1750271478254
- conda: https://conda.anaconda.org/conda-forge/noarch/validators-0.35.0-pyhd8ed1ab_0.conda
  sha256: a9cd585b86f41da98e4d67d75623916456d9df9dbd0ee27c4a722d89eb71cf13
  md5: 3449ef730c7d483adde81993994092b9
  depends:
  - python >=3.9
  license: MIT
  license_family: MIT
  size: 40032
  timestamp: 1746267229282
- conda: https://conda.anaconda.org/conda-forge/linux-64/yaml-0.2.5-h280c20c_3.conda
  sha256: 6d9ea2f731e284e9316d95fa61869fe7bbba33df7929f82693c121022810f4ad
  md5: a77f85f77be52ff59391544bfe73390a
  depends:
  - libgcc >=14
  - __glibc >=2.17,<3.0.a0
  license: MIT
  license_family: MIT
  size: 85189
  timestamp: 1753484064210
- conda: https://conda.anaconda.org/conda-forge/linux-64/zstandard-0.25.0-py313h54dd161_0.conda
  sha256: 9d79d176afe50361cc3fd4366bedff20852dbea1e5b03f358b55f12aca22d60d
  md5: 1fe43bd1fc86e22ad3eb0edec637f8a2
  depends:
  - python
  - cffi >=1.11
  - zstd >=1.5.7,<1.5.8.0a0
  - libgcc >=14
  - __glibc >=2.17,<3.0.a0
  - zstd >=1.5.7,<1.6.0a0
  - python_abi 3.13.* *_cp313
  license: BSD-3-Clause
  license_family: BSD
  size: 471152
  timestamp: 1757930114245
- conda: https://conda.anaconda.org/conda-forge/linux-64/zstd-1.5.7-hb8e6e7a_2.conda
  sha256: a4166e3d8ff4e35932510aaff7aa90772f84b4d07e9f6f83c614cba7ceefe0eb
  md5: 6432cb5d4ac0046c3ac0a8a0f95842f9
  depends:
  - __glibc >=2.17,<3.0.a0
  - libgcc >=13
  - libstdcxx >=13
  - libzlib >=1.3.1,<2.0a0
  license: BSD-3-Clause
  license_family: BSD
  size: 567578
  timestamp: 1742433379869
